
Microsoft Visual Studio Solution File, Format Version 12.00
# Visual Studio 15
VisualStudioVersion = 15.0.28010.2046
MinimumVisualStudioVersion = 10.0.40219.1
Project("{FAE04EC0-301F-11D3-BF4B-00C04F79EFBC}") = "WpfApp1", "WpfApp1\WpfApp1.csproj", "{C832F42A-9ADF-4D7E-BC85-816D9BB72B14}"
EndProject
Project("{FAE04EC0-301F-11D3-BF4B-00C04F79EFBC}") = "PixelShaderWPF", "PixelShaderWPF\PixelShaderWPF.csproj", "{EC24564D-4EA8-4313-A19B-5FE67629D327}"
EndProject
Global
	GlobalSection(SolutionConfigurationPlatforms) = preSolution
		Debug|Any CPU = Debug|Any CPU
		Release|Any CPU = Release|Any CPU
	EndGlobalSection
	GlobalSection(ProjectConfigurationPlatforms) = postSolution
		{C832F42A-9ADF-4D7E-BC85-816D9BB72B14}.Debug|Any CPU.ActiveCfg = Debug|Any CPU
		{C832F42A-9ADF-4D7E-BC85-816D9BB72B14}.Debug|Any CPU.Build.0 = Debug|Any CPU
		{C832F42A-9ADF-4D7E-BC85-816D9BB72B14}.Release|Any CPU.ActiveCfg = Release|Any CPU
		{C832F42A-9ADF-4D7E-BC85-816D9BB72B14}.Release|Any CPU.Build.0 = Release|Any CPU
		{EC24564D-4EA8-4313-A19B-5FE67629D327}.Debug|Any CPU.ActiveCfg = Debug|Any CPU
		{EC24564D-4EA8-4313-A19B-5FE67629D327}.Debug|Any CPU.Build.0 = Debug|Any CPU
		{EC24564D-4EA8-4313-A19B-5FE67629D327}.Release|Any CPU.ActiveCfg = Release|Any CPU
		{EC24564D-4EA8-4313-A19B-5FE67629D327}.Release|Any CPU.Build.0 = Release|Any CPU
	EndGlobalSection
	GlobalSection(SolutionProperties) = preSolution
		HideSolutionNode = FALSE
	EndGlobalSection
	GlobalSection(ExtensibilityGlobals) = postSolution
		SolutionGuid = {3AF961CA-0F0D-45CB-9244-03945D9CA736}
	EndGlobalSection
EndGlobal
